
Microsoft Visual Studio Solution File, Format Version 12.00
# Visual Studio Version 17
VisualStudioVersion = 17.9.34728.123
MinimumVisualStudioVersion = 10.0.40219.1
Project("{FAE04EC0-301F-11D3-BF4B-00C04F79EFBC}") = "WebApiAJAX", "WebApiAJAX\WebApiAJAX.csproj", "{754EF91E-840A-43C1-B94B-04AC27ECF7CE}"
EndProject
Global
	GlobalSection(SolutionConfigurationPlatforms) = preSolution
		Debug|Any CPU = Debug|Any CPU
		Release|Any CPU = Release|Any CPU
	EndGlobalSection
	GlobalSection(ProjectConfigurationPlatforms) = postSolution
		{754EF91E-840A-43C1-B94B-04AC27ECF7CE}.Debug|Any CPU.ActiveCfg = Debug|Any CPU
		{754EF91E-840A-43C1-B94B-04AC27ECF7CE}.Debug|Any CPU.Build.0 = Debug|Any CPU
		{754EF91E-840A-43C1-B94B-04AC27ECF7CE}.Release|Any CPU.ActiveCfg = Release|Any CPU
		{754EF91E-840A-43C1-B94B-04AC27ECF7CE}.Release|Any CPU.Build.0 = Release|Any CPU
	EndGlobalSection
	GlobalSection(SolutionProperties) = preSolution
		HideSolutionNode = FALSE
	EndGlobalSection
	GlobalSection(ExtensibilityGlobals) = postSolution
		SolutionGuid = {5A701663-50B3-4752-8B2E-D64DEF0D1D26}
	EndGlobalSection
EndGlobal
